{
  "nodes": {
    "barbarus-master": {
      "inputs": {
        "flakeNimbleLib": [
          "flakeNimbleLib"
        ],
        "nixpkgs": [
          "nixpkgs"
        ],
        "src-barbarus-master": "src-barbarus-master"
      },
      "locked": {
        "dir": "master",
        "lastModified": 1662254358,
        "narHash": "sha256-5sMZ8+DAne1bus4Ij4J18/hewTXxvTzyRZngaPUowpo=",
        "owner": "nim-nix-pkgs",
        "repo": "barbarus",
        "rev": "7765e45d5d3c7927a463bf23a39fcc759006eb95",
        "type": "github"
      },
      "original": {
        "dir": "master",
        "owner": "nim-nix-pkgs",
        "ref": "master",
        "repo": "barbarus",
        "type": "github"
      }
    },
    "flakeNimbleLib": {
      "inputs": {
        "nixpkgs": [
          "nixpkgs"
        ]
      },
      "locked": {
        "lastModified": 1662018438,
        "narHash": "sha256-QtNtU6+LX3Wokxf0zlFwKTFOcn6TeDjKQZ+DA9OYtvM=",
        "owner": "riinr",
        "repo": "nim-flakes-lib",
        "rev": "b1fe8340736e3a85d25c709ac3dfd82a55c03cbf",
        "type": "github"
      },
      "original": {
        "owner": "riinr",
        "ref": "master",
        "repo": "nim-flakes-lib",
        "type": "github"
      }
    },
    "nixpkgs": {
      "locked": {
        "lastModified": 1667110639,
        "narHash": "sha256-4FbPESZ5LbqQxkJJJBAfk/zKgF9h/4kyUwjjpJwYlbc=",
        "owner": "NixOS",
        "repo": "nixpkgs",
        "rev": "f38a1f04d1bec1feb61fd101a0539ae2002a7087",
        "type": "github"
      },
      "original": {
        "id": "nixpkgs",
        "type": "indirect"
      }
    },
    "root": {
      "inputs": {
        "barbarus-master": "barbarus-master",
        "flakeNimbleLib": "flakeNimbleLib",
        "nixpkgs": "nixpkgs"
      }
    },
    "src-barbarus-master": {
      "flake": false,
      "locked": {
        "lastModified": 1468504864,
        "narHash": "sha256-7s9/fAWJn2YjyYw5SoLzpKe9FjX8JW0SontzRMw9Vxw=",
        "owner": "cjxgm",
        "repo": "barbarus",
        "rev": "4e9224e2603470bc65080bb332bde6d76a7061c5",
        "type": "github"
      },
      "original": {
        "owner": "cjxgm",
        "ref": "refs/heads/master",
        "repo": "barbarus",
        "type": "github"
      }
    }
  },
  "root": "root",
  "version": 7
}
